
Microsoft Visual Studio Solution File, Format Version 12.00
# Visual Studio Version 17
VisualStudioVersion = 17.3.32811.315
MinimumVisualStudioVersion = 10.0.40219.1
Project("{FAE04EC0-301F-11D3-BF4B-00C04F79EFBC}") = "WeatherAPI", "WeatherAPI\WeatherAPI.csproj", "{692C303D-0431-464D-88F2-207292ABEBDE}"
EndProject
Global
	GlobalSection(SolutionConfigurationPlatforms) = preSolution
		Debug|Any CPU = Debug|Any CPU
		Release|Any CPU = Release|Any CPU
	EndGlobalSection
	GlobalSection(ProjectConfigurationPlatforms) = postSolution
		{692C303D-0431-464D-88F2-207292ABEBDE}.Debug|Any CPU.ActiveCfg = Debug|Any CPU
		{692C303D-0431-464D-88F2-207292ABEBDE}.Debug|Any CPU.Build.0 = Debug|Any CPU
		{692C303D-0431-464D-88F2-207292ABEBDE}.Release|Any CPU.ActiveCfg = Release|Any CPU
		{692C303D-0431-464D-88F2-207292ABEBDE}.Release|Any CPU.Build.0 = Release|Any CPU
	EndGlobalSection
	GlobalSection(SolutionProperties) = preSolution
		HideSolutionNode = FALSE
	EndGlobalSection
	GlobalSection(ExtensibilityGlobals) = postSolution
		SolutionGuid = {4AA89514-EEC3-4C98-8E8F-195D7B665EB9}
	EndGlobalSection
EndGlobal
